
Microsoft Visual Studio Solution File, Format Version 12.00
# Visual Studio Version 17
VisualStudioVersion = 17.7.34024.191
MinimumVisualStudioVersion = 10.0.40219.1
Project("{9A19103F-16F7-4668-BE54-9A1E7A4F7556}") = "api", "api\api.csproj", "{8DBF8AAB-EEA2-4BBD-8ECA-DBB377776E92}"
EndProject
Project("{2150E333-8FDC-42A3-9474-1A3956D46DE8}") = "Элементы решения", "Элементы решения", "{489E50F7-3C15-45AF-BBDF-67437C0D7AD7}"
	ProjectSection(SolutionItems) = preProject
		.gitignore = .gitignore
	EndProjectSection
EndProject
Global
	GlobalSection(SolutionConfigurationPlatforms) = preSolution
		Debug|Any CPU = Debug|Any CPU
		Release|Any CPU = Release|Any CPU
	EndGlobalSection
	GlobalSection(ProjectConfigurationPlatforms) = postSolution
		{8DBF8AAB-EEA2-4BBD-8ECA-DBB377776E92}.Debug|Any CPU.ActiveCfg = Debug|Any CPU
		{8DBF8AAB-EEA2-4BBD-8ECA-DBB377776E92}.Debug|Any CPU.Build.0 = Debug|Any CPU
		{8DBF8AAB-EEA2-4BBD-8ECA-DBB377776E92}.Release|Any CPU.ActiveCfg = Release|Any CPU
		{8DBF8AAB-EEA2-4BBD-8ECA-DBB377776E92}.Release|Any CPU.Build.0 = Release|Any CPU
	EndGlobalSection
	GlobalSection(SolutionProperties) = preSolution
		HideSolutionNode = FALSE
	EndGlobalSection
	GlobalSection(ExtensibilityGlobals) = postSolution
		SolutionGuid = {426D31EC-8BB3-44CF-91FE-F4D2D2A56B9F}
	EndGlobalSection
EndGlobal
